
Microsoft Visual Studio Solution File, Format Version 12.00
# Visual Studio Version 16
VisualStudioVersion = 16.0.30413.136
MinimumVisualStudioVersion = 10.0.40219.1
Project("{FAE04EC0-301F-11D3-BF4B-00C04F79EFBC}") = "NUnitTrelloTestProject", "NUnitTrelloTestProject\NUnitTrelloTestProject.csproj", "{2EBB9BBC-2A67-41EA-AAD9-A43D150323AF}"
EndProject
Global
	GlobalSection(SolutionConfigurationPlatforms) = preSolution
		Debug|Any CPU = Debug|Any CPU
		Release|Any CPU = Release|Any CPU
	EndGlobalSection
	GlobalSection(ProjectConfigurationPlatforms) = postSolution
		{2EBB9BBC-2A67-41EA-AAD9-A43D150323AF}.Debug|Any CPU.ActiveCfg = Debug|Any CPU
		{2EBB9BBC-2A67-41EA-AAD9-A43D150323AF}.Debug|Any CPU.Build.0 = Debug|Any CPU
		{2EBB9BBC-2A67-41EA-AAD9-A43D150323AF}.Release|Any CPU.ActiveCfg = Release|Any CPU
		{2EBB9BBC-2A67-41EA-AAD9-A43D150323AF}.Release|Any CPU.Build.0 = Release|Any CPU
	EndGlobalSection
	GlobalSection(SolutionProperties) = preSolution
		HideSolutionNode = FALSE
	EndGlobalSection
	GlobalSection(ExtensibilityGlobals) = postSolution
		SolutionGuid = {F77EDB70-A3ED-489E-B059-1906B9EBA060}
	EndGlobalSection
EndGlobal
